
Microsoft Visual Studio Solution File, Format Version 11.00
# Visual Studio 2010
Project("{8BC9CEB8-8B4A-11D0-8D11-00A0C91BC942}") = "KeyPressStatistics", "KeyPressStatistics.vcxproj", "{3B73F529-4372-49F2-AB0C-5BA78CF64EB6}"
EndProject
Global
	GlobalSection(SolutionConfigurationPlatforms) = preSolution
		Debug|Win32 = Debug|Win32
		Release|Win32 = Release|Win32
	EndGlobalSection
	GlobalSection(ProjectConfigurationPlatforms) = postSolution
		{3B73F529-4372-49F2-AB0C-5BA78CF64EB6}.Debug|Win32.ActiveCfg = Debug|Win32
		{3B73F529-4372-49F2-AB0C-5BA78CF64EB6}.Debug|Win32.Build.0 = Debug|Win32
		{3B73F529-4372-49F2-AB0C-5BA78CF64EB6}.Release|Win32.ActiveCfg = Release|Win32
		{3B73F529-4372-49F2-AB0C-5BA78CF64EB6}.Release|Win32.Build.0 = Release|Win32
	EndGlobalSection
	GlobalSection(SolutionProperties) = preSolution
		HideSolutionNode = FALSE
	EndGlobalSection
EndGlobal
